github.com/erikbryant/sudoku v0.0.2 h1:QSDRH756u0dZlHThbzK6JcHK9wXiwVlV0ZJlJTrSirg=
github.com/erikbryant/sudoku v0.0.2/go.mod h1:IH/X22Oj3/4Jn/+MrH2+R2zK8jtZiseZu+gVDPBGb9k=
github.com/erikbryant/util-golang v0.15.0 h1:+8re4hAz5fRmXzkQRJ9wvj9W+ZbBN7gl/ZPlxLwqLrE=
github.com/erikbryant/util-golang v0.15.0/go.mod h1:jkr/F6IMTtVXQrZXSoCHyoG4m+5Qd1vQbAxP+x0RdG8=
