github.com/erikbryant/sudoku v0.0.2 h1:QSDRH756u0dZlHThbzK6JcHK9wXiwVlV0ZJlJTrSirg=
github.com/erikbryant/sudoku v0.0.2/go.mod h1:IH/X22Oj3/4Jn/+MrH2+R2zK8jtZiseZu+gVDPBGb9k=
github.com/erikbryant/util-golang v0.42.0 h1:WjpjSrKAKR8isZ2bvWas9YsT8nPTPl8skkI55cUZSOc=
github.com/erikbryant/util-golang v0.42.0/go.mod h1:bcCbT4chbG82yLhhrOL9lwVKI7HRYl3wDNaAcQ1CSsA=
golang.org/x/text v0.41.0 h1:vz/seA0lnX87Othu2f/0L24RcgrXD9/YFTSuGjj3rH8=
golang.org/x/text v0.41.0/go.mod h1:jvf1O8ajNzZqhSrQBPbutR/EB83Cc0CFrezNQIwbb5M=
