github.com/erikbryant/util-golang v0.36.0 h1:ratiBt+Dkoy8lIosY9TjdmONEB3DGntAzPqPX18E1RI=
github.com/erikbryant/util-golang v0.36.0/go.mod h1:fLCQ+Czi8ZJCSaNJw+BU6YYwxs1OAIg2VfYYltW6KWA=
golang.org/x/text v0.30.0 h1:yznKA/E9zq54KzlzBEAWn1NXSQ8DIp/NYMy88xJjl4k=
golang.org/x/text v0.30.0/go.mod h1:yDdHFIX9t+tORqspjENWgzaCVXgk0yYnYuSZ8UzzBVM=
