github.com/erikbryant/util-golang v0.41.0 h1:u+nz6zQUegM3CN0xfH7VNckWLk/PDNq+FwdUQrkeXy4=
github.com/erikbryant/util-golang v0.41.0/go.mod h1:fLCQ+Czi8ZJCSaNJw+BU6YYwxs1OAIg2VfYYltW6KWA=
golang.org/x/text v0.32.0 h1:ZD01bjUt1FQ9WJ0ClOL5vxgxOI/sVCNgX1YtKwcY0mU=
golang.org/x/text v0.32.0/go.mod h1:o/rUWzghvpD5TXrTIBuJU77MTaN0ljMWE47kxGJQ7jY=
