github.com/erikbryant/util-golang v0.41.0 h1:u+nz6zQUegM3CN0xfH7VNckWLk/PDNq+FwdUQrkeXy4=
github.com/erikbryant/util-golang v0.41.0/go.mod h1:fLCQ+Czi8ZJCSaNJw+BU6YYwxs1OAIg2VfYYltW6KWA=
golang.org/x/text v0.30.0 h1:yznKA/E9zq54KzlzBEAWn1NXSQ8DIp/NYMy88xJjl4k=
golang.org/x/text v0.30.0/go.mod h1:yDdHFIX9t+tORqspjENWgzaCVXgk0yYnYuSZ8UzzBVM=
