github.com/erikbryant/util-golang v0.41.0 h1:u+nz6zQUegM3CN0xfH7VNckWLk/PDNq+FwdUQrkeXy4=
github.com/erikbryant/util-golang v0.41.0/go.mod h1:fLCQ+Czi8ZJCSaNJw+BU6YYwxs1OAIg2VfYYltW6KWA=
golang.org/x/text v0.31.0 h1:aC8ghyu4JhP8VojJ2lEHBnochRno1sgL6nEi9WGFGMM=
golang.org/x/text v0.31.0/go.mod h1:tKRAlv61yKIjGGHX/4tP1LTbc13YSec1pxVEWXzfoeM=
