github.com/erikbryant/util-golang v0.2.1 h1:+VDQmCpZPABBEKo1GasfcgWOmEApDZvpsin9GI2PKUQ=
github.com/erikbryant/util-golang v0.2.1/go.mod h1:4otRhZuplgTv39jnXDG840lDeFiZBfNENQU6NAaPJZ8=
github.com/erikbryant/util-golang v0.3.0 h1:rDqtp7JqN/mPGeu4+h24NujsBn1dzOgulL3RkuTwjiE=
github.com/erikbryant/util-golang v0.3.0/go.mod h1:4otRhZuplgTv39jnXDG840lDeFiZBfNENQU6NAaPJZ8=
